# THIS IS AN AUTOGENERATED FILE. DO NOT EDIT THIS FILE DIRECTLY.
# yarn lockfile v1


systemjs@^0.19.41:
  version "0.19.41"
  resolved "https://registry.yarnpkg.com/systemjs/-/systemjs-0.19.41.tgz#835d2c0f10bf403b551fedc875f84bb44a02c4eb"
  dependencies:
    when "^3.7.5"

when@^3.7.5:
  version "3.7.7"
  resolved "https://registry.yarnpkg.com/when/-/when-3.7.7.tgz#aba03fc3bb736d6c88b091d013d8a8e590d84718"
